
Microsoft Visual Studio Solution File, Format Version 12.00
# Visual Studio Version 16
VisualStudioVersion = 16.0.29905.134
MinimumVisualStudioVersion = 10.0.40219.1
Project("{FAE04EC0-301F-11D3-BF4B-00C04F79EFBC}") = "BlankApiModel", "BlankApiModel\BlankApiModel.csproj", "{5ECC8026-D788-4622-90B0-123F22AE91DB}"
EndProject
Global
	GlobalSection(SolutionConfigurationPlatforms) = preSolution
		Debug|Any CPU = Debug|Any CPU
		Release|Any CPU = Release|Any CPU
	EndGlobalSection
	GlobalSection(ProjectConfigurationPlatforms) = postSolution
		{5ECC8026-D788-4622-90B0-123F22AE91DB}.Debug|Any CPU.ActiveCfg = Debug|Any CPU
		{5ECC8026-D788-4622-90B0-123F22AE91DB}.Debug|Any CPU.Build.0 = Debug|Any CPU
		{5ECC8026-D788-4622-90B0-123F22AE91DB}.Release|Any CPU.ActiveCfg = Release|Any CPU
		{5ECC8026-D788-4622-90B0-123F22AE91DB}.Release|Any CPU.Build.0 = Release|Any CPU
	EndGlobalSection
	GlobalSection(SolutionProperties) = preSolution
		HideSolutionNode = FALSE
	EndGlobalSection
	GlobalSection(ExtensibilityGlobals) = postSolution
		SolutionGuid = {C71988A5-4D56-4394-8DCA-ADCFCBA8FF04}
	EndGlobalSection
EndGlobal
